
Microsoft Visual Studio Solution File, Format Version 12.00
# Visual Studio Version 17
VisualStudioVersion = 17.0.31903.59
MinimumVisualStudioVersion = 10.0.40219.1
Project("{FAE04EC0-301F-11D3-BF4B-00C04F79EFBC}") = "WorkforceHubAPI.WebAPI", "WorkforceHubAPI.WebAPI\WorkforceHubAPI.WebAPI.csproj", "{EC7E7D1C-E82A-4248-9722-82BEFF504CBD}"
EndProject
Project("{FAE04EC0-301F-11D3-BF4B-00C04F79EFBC}") = "WorkforceHubAPI.Contracts", "WorkforceHubAPI.Contracts\WorkforceHubAPI.Contracts.csproj", "{A98BBD17-29F6-45D4-9E3E-E8B7F3C1B712}"
EndProject
Project("{FAE04EC0-301F-11D3-BF4B-00C04F79EFBC}") = "WorkforceHubAPI.LoggerService", "WorkforceHubAPI.LoggerService\WorkforceHubAPI.LoggerService.csproj", "{145CBE68-6084-4BA8-BDBF-A7851D7BA875}"
EndProject
Project("{FAE04EC0-301F-11D3-BF4B-00C04F79EFBC}") = "WorkforceHubAPI.Entities", "WorkforceHubAPI.Entities\WorkforceHubAPI.Entities.csproj", "{28E1451D-1783-45FD-88FD-3BB3EF396E39}"
EndProject
Project("{FAE04EC0-301F-11D3-BF4B-00C04F79EFBC}") = "WorkforceHubAPI.Repository", "WorkforceHubAPI.Repository\WorkforceHubAPI.Repository.csproj", "{7E664D09-D126-48D0-B04D-296985AAD784}"
EndProject
Project("{FAE04EC0-301F-11D3-BF4B-00C04F79EFBC}") = "WorkforceHubAPI.Service.Contracts", "WorkforceHubAPI.Service.Contracts\WorkforceHubAPI.Service.Contracts.csproj", "{9FC07247-8206-41B2-98A2-7A61497B68A4}"
EndProject
Project("{FAE04EC0-301F-11D3-BF4B-00C04F79EFBC}") = "WorkforceHubAPI.Service", "WorkforceHubAPI.Service\WorkforceHubAPI.Service.csproj", "{F31D6345-E2C4-481F-B0F4-063AFF4546AA}"
EndProject
Project("{FAE04EC0-301F-11D3-BF4B-00C04F79EFBC}") = "WorkforceHubAPI.WebAPI.Presentation", "WorkforceHubAPI.WebAPI.Presentation\WorkforceHubAPI.WebAPI.Presentation.csproj", "{A38E16EE-23E2-4C67-A032-DFFACDBEFEEF}"
EndProject
Global
	GlobalSection(SolutionConfigurationPlatforms) = preSolution
		Debug|Any CPU = Debug|Any CPU
		Release|Any CPU = Release|Any CPU
	EndGlobalSection
	GlobalSection(SolutionProperties) = preSolution
		HideSolutionNode = FALSE
	EndGlobalSection
	GlobalSection(ProjectConfigurationPlatforms) = postSolution
		{EC7E7D1C-E82A-4248-9722-82BEFF504CBD}.Debug|Any CPU.ActiveCfg = Debug|Any CPU
		{EC7E7D1C-E82A-4248-9722-82BEFF504CBD}.Debug|Any CPU.Build.0 = Debug|Any CPU
		{EC7E7D1C-E82A-4248-9722-82BEFF504CBD}.Release|Any CPU.ActiveCfg = Release|Any CPU
		{EC7E7D1C-E82A-4248-9722-82BEFF504CBD}.Release|Any CPU.Build.0 = Release|Any CPU
		{A98BBD17-29F6-45D4-9E3E-E8B7F3C1B712}.Debug|Any CPU.ActiveCfg = Debug|Any CPU
		{A98BBD17-29F6-45D4-9E3E-E8B7F3C1B712}.Debug|Any CPU.Build.0 = Debug|Any CPU
		{A98BBD17-29F6-45D4-9E3E-E8B7F3C1B712}.Release|Any CPU.ActiveCfg = Release|Any CPU
		{A98BBD17-29F6-45D4-9E3E-E8B7F3C1B712}.Release|Any CPU.Build.0 = Release|Any CPU
		{145CBE68-6084-4BA8-BDBF-A7851D7BA875}.Debug|Any CPU.ActiveCfg = Debug|Any CPU
		{145CBE68-6084-4BA8-BDBF-A7851D7BA875}.Debug|Any CPU.Build.0 = Debug|Any CPU
		{145CBE68-6084-4BA8-BDBF-A7851D7BA875}.Release|Any CPU.ActiveCfg = Release|Any CPU
		{145CBE68-6084-4BA8-BDBF-A7851D7BA875}.Release|Any CPU.Build.0 = Release|Any CPU
		{28E1451D-1783-45FD-88FD-3BB3EF396E39}.Debug|Any CPU.ActiveCfg = Debug|Any CPU
		{28E1451D-1783-45FD-88FD-3BB3EF396E39}.Debug|Any CPU.Build.0 = Debug|Any CPU
		{28E1451D-1783-45FD-88FD-3BB3EF396E39}.Release|Any CPU.ActiveCfg = Release|Any CPU
		{28E1451D-1783-45FD-88FD-3BB3EF396E39}.Release|Any CPU.Build.0 = Release|Any CPU
		{7E664D09-D126-48D0-B04D-296985AAD784}.Debug|Any CPU.ActiveCfg = Debug|Any CPU
		{7E664D09-D126-48D0-B04D-296985AAD784}.Debug|Any CPU.Build.0 = Debug|Any CPU
		{7E664D09-D126-48D0-B04D-296985AAD784}.Release|Any CPU.ActiveCfg = Release|Any CPU
		{7E664D09-D126-48D0-B04D-296985AAD784}.Release|Any CPU.Build.0 = Release|Any CPU
		{9FC07247-8206-41B2-98A2-7A61497B68A4}.Debug|Any CPU.ActiveCfg = Debug|Any CPU
		{9FC07247-8206-41B2-98A2-7A61497B68A4}.Debug|Any CPU.Build.0 = Debug|Any CPU
		{9FC07247-8206-41B2-98A2-7A61497B68A4}.Release|Any CPU.ActiveCfg = Release|Any CPU
		{9FC07247-8206-41B2-98A2-7A61497B68A4}.Release|Any CPU.Build.0 = Release|Any CPU
		{F31D6345-E2C4-481F-B0F4-063AFF4546AA}.Debug|Any CPU.ActiveCfg = Debug|Any CPU
		{F31D6345-E2C4-481F-B0F4-063AFF4546AA}.Debug|Any CPU.Build.0 = Debug|Any CPU
		{F31D6345-E2C4-481F-B0F4-063AFF4546AA}.Release|Any CPU.ActiveCfg = Release|Any CPU
		{F31D6345-E2C4-481F-B0F4-063AFF4546AA}.Release|Any CPU.Build.0 = Release|Any CPU
		{A38E16EE-23E2-4C67-A032-DFFACDBEFEEF}.Debug|Any CPU.ActiveCfg = Debug|Any CPU
		{A38E16EE-23E2-4C67-A032-DFFACDBEFEEF}.Debug|Any CPU.Build.0 = Debug|Any CPU
		{A38E16EE-23E2-4C67-A032-DFFACDBEFEEF}.Release|Any CPU.ActiveCfg = Release|Any CPU
		{A38E16EE-23E2-4C67-A032-DFFACDBEFEEF}.Release|Any CPU.Build.0 = Release|Any CPU
	EndGlobalSection
EndGlobal
